// !$*UTF8*$!
{
	archiveVersion = 1;
	classes = {
	};
	objectVersion = 56;
	objects = {

/* Begin PBXBuildFile section */
		FC3037B729598E2200491A41 /* TransactionTableViewCell.swift in Sources */ = {isa = PBXBuildFile; fileRef = FC3037B629598E2200491A41 /* TransactionTableViewCell.swift */; };
		FC3037B92959900E00491A41 /* TransactionCellViewModel.swift in Sources */ = {isa = PBXBuildFile; fileRef = FC3037B82959900E00491A41 /* TransactionCellViewModel.swift */; };
		FC46E0EC2959D4850013A9D3 /* Date+ext.swift in Sources */ = {isa = PBXBuildFile; fileRef = FC46E0EB2959D4850013A9D3 /* Date+ext.swift */; };
		FC46E0EE295A43150013A9D3 /* TransactionsSection.swift in Sources */ = {isa = PBXBuildFile; fileRef = FC46E0ED295A43150013A9D3 /* TransactionsSection.swift */; };
		FC70E10A295798A800D3637D /* TransactionsViewModel.swift in Sources */ = {isa = PBXBuildFile; fileRef = FC70E109295798A800D3637D /* TransactionsViewModel.swift */; };
		FC70E10C295798DA00D3637D /* Transaction.swift in Sources */ = {isa = PBXBuildFile; fileRef = FC70E10B295798DA00D3637D /* Transaction.swift */; };
		FC7E7457295734FE002C2F98 /* AppDelegate.swift in Sources */ = {isa = PBXBuildFile; fileRef = FC7E7456295734FE002C2F98 /* AppDelegate.swift */; };
		FC7E7459295734FE002C2F98 /* SceneDelegate.swift in Sources */ = {isa = PBXBuildFile; fileRef = FC7E7458295734FE002C2F98 /* SceneDelegate.swift */; };
		FC7E745B295734FE002C2F98 /* TransactionsViewController.swift in Sources */ = {isa = PBXBuildFile; fileRef = FC7E745A295734FE002C2F98 /* TransactionsViewController.swift */; };
		FC7E7461295734FE002C2F98 /* Finance_Tracker.xcdatamodeld in Sources */ = {isa = PBXBuildFile; fileRef = FC7E745F295734FE002C2F98 /* Finance_Tracker.xcdatamodeld */; };
		FC7E7463295734FE002C2F98 /* Assets.xcassets in Resources */ = {isa = PBXBuildFile; fileRef = FC7E7462295734FE002C2F98 /* Assets.xcassets */; };
		FC7E7466295734FE002C2F98 /* LaunchScreen.storyboard in Resources */ = {isa = PBXBuildFile; fileRef = FC7E7464295734FE002C2F98 /* LaunchScreen.storyboard */; };
		FCCCE45B295874350029D573 /* FTBaseView.swift in Sources */ = {isa = PBXBuildFile; fileRef = FCCCE45A295874350029D573 /* FTBaseView.swift */; };
		FCCCE45D295874D90029D573 /* UIView+ext.swift in Sources */ = {isa = PBXBuildFile; fileRef = FCCCE45C295874D90029D573 /* UIView+ext.swift */; };
		FCCCE461295878D40029D573 /* FTBaseViewController.swift in Sources */ = {isa = PBXBuildFile; fileRef = FCCCE460295878D40029D573 /* FTBaseViewController.swift */; };
		FCCCE4632958955C0029D573 /* NewTransactionView.swift in Sources */ = {isa = PBXBuildFile; fileRef = FCCCE4622958955C0029D573 /* NewTransactionView.swift */; };
		FCCCE4652958CA140029D573 /* FTConfigurator.swift in Sources */ = {isa = PBXBuildFile; fileRef = FCCCE4642958CA140029D573 /* FTConfigurator.swift */; };
		FCCCE4672958DEA90029D573 /* FTRouter.swift in Sources */ = {isa = PBXBuildFile; fileRef = FCCCE4662958DEA90029D573 /* FTRouter.swift */; };
		FCCCE4692958E2560029D573 /* NewTransactionViewModel.swift in Sources */ = {isa = PBXBuildFile; fileRef = FCCCE4682958E2560029D573 /* NewTransactionViewModel.swift */; };
		FCD065A22957ABCF00CC15F3 /* TransactionsView.swift in Sources */ = {isa = PBXBuildFile; fileRef = FCD065A12957ABCF00CC15F3 /* TransactionsView.swift */; };
		FCD065A62957B1B500CC15F3 /* NewTransactionViewController.swift in Sources */ = {isa = PBXBuildFile; fileRef = FCD065A52957B1B500CC15F3 /* NewTransactionViewController.swift */; };
/* End PBXBuildFile section */

/* Begin PBXFileReference section */
		FC3037B629598E2200491A41 /* TransactionTableViewCell.swift */ = {isa = PBXFileReference; lastKnownFileType = sourcecode.swift; path = TransactionTableViewCell.swift; sourceTree = "<group>"; };
		FC3037B82959900E00491A41 /* TransactionCellViewModel.swift */ = {isa = PBXFileReference; lastKnownFileType = sourcecode.swift; path = TransactionCellViewModel.swift; sourceTree = "<group>"; };
		FC46E0EB2959D4850013A9D3 /* Date+ext.swift */ = {isa = PBXFileReference; lastKnownFileType = sourcecode.swift; path = "Date+ext.swift"; sourceTree = "<group>"; };
		FC46E0ED295A43150013A9D3 /* TransactionsSection.swift */ = {isa = PBXFileReference; lastKnownFileType = sourcecode.swift; path = TransactionsSection.swift; sourceTree = "<group>"; };
		FC70E109295798A800D3637D /* TransactionsViewModel.swift */ = {isa = PBXFileReference; lastKnownFileType = sourcecode.swift; path = TransactionsViewModel.swift; sourceTree = "<group>"; };
		FC70E10B295798DA00D3637D /* Transaction.swift */ = {isa = PBXFileReference; lastKnownFileType = sourcecode.swift; path = Transaction.swift; sourceTree = "<group>"; };
		FC7E7453295734FE002C2F98 /* Finance Tracker.app */ = {isa = PBXFileReference; explicitFileType = wrapper.application; includeInIndex = 0; path = "Finance Tracker.app"; sourceTree = BUILT_PRODUCTS_DIR; };
		FC7E7456295734FE002C2F98 /* AppDelegate.swift */ = {isa = PBXFileReference; lastKnownFileType = sourcecode.swift; path = AppDelegate.swift; sourceTree = "<group>"; };
		FC7E7458295734FE002C2F98 /* SceneDelegate.swift */ = {isa = PBXFileReference; lastKnownFileType = sourcecode.swift; path = SceneDelegate.swift; sourceTree = "<group>"; };
		FC7E745A295734FE002C2F98 /* TransactionsViewController.swift */ = {isa = PBXFileReference; lastKnownFileType = sourcecode.swift; path = TransactionsViewController.swift; sourceTree = "<group>"; };
		FC7E7460295734FE002C2F98 /* Finance_Tracker.xcdatamodel */ = {isa = PBXFileReference; lastKnownFileType = wrapper.xcdatamodel; path = Finance_Tracker.xcdatamodel; sourceTree = "<group>"; };
		FC7E7462295734FE002C2F98 /* Assets.xcassets */ = {isa = PBXFileReference; lastKnownFileType = folder.assetcatalog; path = Assets.xcassets; sourceTree = "<group>"; };
		FC7E7465295734FE002C2F98 /* Base */ = {isa = PBXFileReference; lastKnownFileType = file.storyboard; name = Base; path = Base.lproj/LaunchScreen.storyboard; sourceTree = "<group>"; };
		FC7E7467295734FE002C2F98 /* Info.plist */ = {isa = PBXFileReference; lastKnownFileType = text.plist.xml; path = Info.plist; sourceTree = "<group>"; };
		FCCCE45A295874350029D573 /* FTBaseView.swift */ = {isa = PBXFileReference; lastKnownFileType = sourcecode.swift; path = FTBaseView.swift; sourceTree = "<group>"; };
		FCCCE45C295874D90029D573 /* UIView+ext.swift */ = {isa = PBXFileReference; lastKnownFileType = sourcecode.swift; path = "UIView+ext.swift"; sourceTree = "<group>"; };
		FCCCE460295878D40029D573 /* FTBaseViewController.swift */ = {isa = PBXFileReference; lastKnownFileType = sourcecode.swift; path = FTBaseViewController.swift; sourceTree = "<group>"; };
		FCCCE4622958955C0029D573 /* NewTransactionView.swift */ = {isa = PBXFileReference; lastKnownFileType = sourcecode.swift; path = NewTransactionView.swift; sourceTree = "<group>"; };
		FCCCE4642958CA140029D573 /* FTConfigurator.swift */ = {isa = PBXFileReference; lastKnownFileType = sourcecode.swift; path = FTConfigurator.swift; sourceTree = "<group>"; };
		FCCCE4662958DEA90029D573 /* FTRouter.swift */ = {isa = PBXFileReference; lastKnownFileType = sourcecode.swift; path = FTRouter.swift; sourceTree = "<group>"; };
		FCCCE4682958E2560029D573 /* NewTransactionViewModel.swift */ = {isa = PBXFileReference; lastKnownFileType = sourcecode.swift; path = NewTransactionViewModel.swift; sourceTree = "<group>"; };
		FCD065A12957ABCF00CC15F3 /* TransactionsView.swift */ = {isa = PBXFileReference; lastKnownFileType = sourcecode.swift; path = TransactionsView.swift; sourceTree = "<group>"; };
		FCD065A52957B1B500CC15F3 /* NewTransactionViewController.swift */ = {isa = PBXFileReference; lastKnownFileType = sourcecode.swift; path = NewTransactionViewController.swift; sourceTree = "<group>"; };
/* End PBXFileReference section */

/* Begin PBXFrameworksBuildPhase section */
		FC7E7450295734FE002C2F98 /* Frameworks */ = {
			isa = PBXFrameworksBuildPhase;
			buildActionMask = 2147483647;
			files = (
			);
			runOnlyForDeploymentPostprocessing = 0;
		};
/* End PBXFrameworksBuildPhase section */

/* Begin PBXGroup section */
		FC70E1062957981400D3637D /* Models */ = {
			isa = PBXGroup;
			children = (
				FC70E10B295798DA00D3637D /* Transaction.swift */,
				FC46E0ED295A43150013A9D3 /* TransactionsSection.swift */,
			);
			path = Models;
			sourceTree = "<group>";
		};
		FC70E1072957982800D3637D /* View */ = {
			isa = PBXGroup;
			children = (
				FC7E745A295734FE002C2F98 /* TransactionsViewController.swift */,
				FC3037B629598E2200491A41 /* TransactionTableViewCell.swift */,
				FCD065A12957ABCF00CC15F3 /* TransactionsView.swift */,
			);
			path = View;
			sourceTree = "<group>";
		};
		FC70E1082957984000D3637D /* ViewModel */ = {
			isa = PBXGroup;
			children = (
				FC70E109295798A800D3637D /* TransactionsViewModel.swift */,
				FC3037B82959900E00491A41 /* TransactionCellViewModel.swift */,
			);
			path = ViewModel;
			sourceTree = "<group>";
		};
		FC7E744A295734FE002C2F98 = {
			isa = PBXGroup;
			children = (
				FC7E7455295734FE002C2F98 /* Finance Tracker */,
				FC7E7454295734FE002C2F98 /* Products */,
			);
			sourceTree = "<group>";
		};
		FC7E7454295734FE002C2F98 /* Products */ = {
			isa = PBXGroup;
			children = (
				FC7E7453295734FE002C2F98 /* Finance Tracker.app */,
			);
			name = Products;
			sourceTree = "<group>";
		};
		FC7E7455295734FE002C2F98 /* Finance Tracker */ = {
			isa = PBXGroup;
			children = (
				FC7E746D295739A7002C2F98 /* SupportingFiles */,
				FC7E746E295739CB002C2F98 /* Resources */,
				FCCCE4582958733F0029D573 /* Extensions */,
				FCCCE459295874190029D573 /* Base */,
				FC70E1062957981400D3637D /* Models */,
				FC7E746F29573A3E002C2F98 /* TransactionsList */,
				FC7E747029573A97002C2F98 /* NewTransaction */,
			);
			path = "Finance Tracker";
			sourceTree = "<group>";
		};
		FC7E746D295739A7002C2F98 /* SupportingFiles */ = {
			isa = PBXGroup;
			children = (
				FC7E7456295734FE002C2F98 /* AppDelegate.swift */,
				FC7E7458295734FE002C2F98 /* SceneDelegate.swift */,
				FC7E7464295734FE002C2F98 /* LaunchScreen.storyboard */,
				FC7E7467295734FE002C2F98 /* Info.plist */,
				FC7E745F295734FE002C2F98 /* Finance_Tracker.xcdatamodeld */,
			);
			path = SupportingFiles;
			sourceTree = "<group>";
		};
		FC7E746E295739CB002C2F98 /* Resources */ = {
			isa = PBXGroup;
			children = (
				FC7E7462295734FE002C2F98 /* Assets.xcassets */,
			);
			path = Resources;
			sourceTree = "<group>";
		};
		FC7E746F29573A3E002C2F98 /* TransactionsList */ = {
			isa = PBXGroup;
			children = (
				FC70E1072957982800D3637D /* View */,
				FC70E1082957984000D3637D /* ViewModel */,
			);
			path = TransactionsList;
			sourceTree = "<group>";
		};
		FC7E747029573A97002C2F98 /* NewTransaction */ = {
			isa = PBXGroup;
			children = (
				FCD065A32957B17200CC15F3 /* View */,
				FCD065A42957B17E00CC15F3 /* ViewModel */,
			);
			path = NewTransaction;
			sourceTree = "<group>";
		};
		FCCCE4582958733F0029D573 /* Extensions */ = {
			isa = PBXGroup;
			children = (
				FCCCE45C295874D90029D573 /* UIView+ext.swift */,
				FC46E0EB2959D4850013A9D3 /* Date+ext.swift */,
			);
			path = Extensions;
			sourceTree = "<group>";
		};
		FCCCE459295874190029D573 /* Base */ = {
			isa = PBXGroup;
			children = (
				FCCCE45A295874350029D573 /* FTBaseView.swift */,
				FCCCE460295878D40029D573 /* FTBaseViewController.swift */,
				FCCCE4642958CA140029D573 /* FTConfigurator.swift */,
				FCCCE4662958DEA90029D573 /* FTRouter.swift */,
			);
			path = Base;
			sourceTree = "<group>";
		};
		FCD065A32957B17200CC15F3 /* View */ = {
			isa = PBXGroup;
			children = (
				FCD065A52957B1B500CC15F3 /* NewTransactionViewController.swift */,
				FCCCE4622958955C0029D573 /* NewTransactionView.swift */,
			);
			path = View;
			sourceTree = "<group>";
		};
		FCD065A42957B17E00CC15F3 /* ViewModel */ = {
			isa = PBXGroup;
			children = (
				FCCCE4682958E2560029D573 /* NewTransactionViewModel.swift */,
			);
			path = ViewModel;
			sourceTree = "<group>";
		};
/* End PBXGroup section */

/* Begin PBXNativeTarget section */
		FC7E7452295734FE002C2F98 /* Finance Tracker */ = {
			isa = PBXNativeTarget;
			buildConfigurationList = FC7E746A295734FE002C2F98 /* Build configuration list for PBXNativeTarget "Finance Tracker" */;
			buildPhases = (
				FC7E744F295734FE002C2F98 /* Sources */,
				FC7E7450295734FE002C2F98 /* Frameworks */,
				FC7E7451295734FE002C2F98 /* Resources */,
			);
			buildRules = (
			);
			dependencies = (
			);
			name = "Finance Tracker";
			productName = "Finance Tracker";
			productReference = FC7E7453295734FE002C2F98 /* Finance Tracker.app */;
			productType = "com.apple.product-type.application";
		};
/* End PBXNativeTarget section */

/* Begin PBXProject section */
		FC7E744B295734FE002C2F98 /* Project object */ = {
			isa = PBXProject;
			attributes = {
				BuildIndependentTargetsInParallel = 1;
				LastSwiftUpdateCheck = 1420;
				LastUpgradeCheck = 1420;
				TargetAttributes = {
					FC7E7452295734FE002C2F98 = {
						CreatedOnToolsVersion = 14.2;
					};
				};
			};
			buildConfigurationList = FC7E744E295734FE002C2F98 /* Build configuration list for PBXProject "Finance Tracker" */;
			compatibilityVersion = "Xcode 14.0";
			developmentRegion = en;
			hasScannedForEncodings = 0;
			knownRegions = (
				en,
				Base,
			);
			mainGroup = FC7E744A295734FE002C2F98;
			productRefGroup = FC7E7454295734FE002C2F98 /* Products */;
			projectDirPath = "";
			projectRoot = "";
			targets = (
				FC7E7452295734FE002C2F98 /* Finance Tracker */,
			);
		};
/* End PBXProject section */

/* Begin PBXResourcesBuildPhase section */
		FC7E7451295734FE002C2F98 /* Resources */ = {
			isa = PBXResourcesBuildPhase;
			buildActionMask = 2147483647;
			files = (
				FC7E7466295734FE002C2F98 /* LaunchScreen.storyboard in Resources */,
				FC7E7463295734FE002C2F98 /* Assets.xcassets in Resources */,
			);
			runOnlyForDeploymentPostprocessing = 0;
		};
/* End PBXResourcesBuildPhase section */

/* Begin PBXSourcesBuildPhase section */
		FC7E744F295734FE002C2F98 /* Sources */ = {
			isa = PBXSourcesBuildPhase;
			buildActionMask = 2147483647;
			files = (
				FC7E745B295734FE002C2F98 /* TransactionsViewController.swift in Sources */,
				FC70E10A295798A800D3637D /* TransactionsViewModel.swift in Sources */,
				FC70E10C295798DA00D3637D /* Transaction.swift in Sources */,
				FC7E7457295734FE002C2F98 /* AppDelegate.swift in Sources */,
				FCCCE45D295874D90029D573 /* UIView+ext.swift in Sources */,
				FC3037B729598E2200491A41 /* TransactionTableViewCell.swift in Sources */,
				FCD065A62957B1B500CC15F3 /* NewTransactionViewController.swift in Sources */,
				FCCCE4632958955C0029D573 /* NewTransactionView.swift in Sources */,
				FC7E7459295734FE002C2F98 /* SceneDelegate.swift in Sources */,
				FC46E0EC2959D4850013A9D3 /* Date+ext.swift in Sources */,
				FC46E0EE295A43150013A9D3 /* TransactionsSection.swift in Sources */,
				FCCCE45B295874350029D573 /* FTBaseView.swift in Sources */,
				FCCCE461295878D40029D573 /* FTBaseViewController.swift in Sources */,
				FCCCE4672958DEA90029D573 /* FTRouter.swift in Sources */,
				FC7E7461295734FE002C2F98 /* Finance_Tracker.xcdatamodeld in Sources */,
				FCD065A22957ABCF00CC15F3 /* TransactionsView.swift in Sources */,
				FC3037B92959900E00491A41 /* TransactionCellViewModel.swift in Sources */,
				FCCCE4652958CA140029D573 /* FTConfigurator.swift in Sources */,
				FCCCE4692958E2560029D573 /* NewTransactionViewModel.swift in Sources */,
			);
			runOnlyForDeploymentPostprocessing = 0;
		};
/* End PBXSourcesBuildPhase section */

/* Begin PBXVariantGroup section */
		FC7E7464295734FE002C2F98 /* LaunchScreen.storyboard */ = {
			isa = PBXVariantGroup;
			children = (
				FC7E7465295734FE002C2F98 /* Base */,
			);
			name = LaunchScreen.storyboard;
			sourceTree = "<group>";
		};
/* End PBXVariantGroup section */

/* Begin XCBuildConfiguration section */
		FC7E7468295734FE002C2F98 /* Debug */ = {
			isa = XCBuildConfiguration;
			buildSettings = {
				ALWAYS_SEARCH_USER_PATHS = NO;
				CLANG_ANALYZER_NONNULL = YES;
				CLANG_ANALYZER_NUMBER_OBJECT_CONVERSION = YES_AGGRESSIVE;
				CLANG_CXX_LANGUAGE_STANDARD = "gnu++20";
				CLANG_ENABLE_MODULES = YES;
				CLANG_ENABLE_OBJC_ARC = YES;
				CLANG_ENABLE_OBJC_WEAK = YES;
				CLANG_WARN_BLOCK_CAPTURE_AUTORELEASING = YES;
				CLANG_WARN_BOOL_CONVERSION = YES;
				CLANG_WARN_COMMA = YES;
				CLANG_WARN_CONSTANT_CONVERSION = YES;
				CLANG_WARN_DEPRECATED_OBJC_IMPLEMENTATIONS = YES;
				CLANG_WARN_DIRECT_OBJC_ISA_USAGE = YES_ERROR;
				CLANG_WARN_DOCUMENTATION_COMMENTS = YES;
				CLANG_WARN_EMPTY_BODY = YES;
				CLANG_WARN_ENUM_CONVERSION = YES;
				CLANG_WARN_INFINITE_RECURSION = YES;
				CLANG_WARN_INT_CONVERSION = YES;
				CLANG_WARN_NON_LITERAL_NULL_CONVERSION = YES;
				CLANG_WARN_OBJC_IMPLICIT_RETAIN_SELF = YES;
				CLANG_WARN_OBJC_LITERAL_CONVERSION = YES;
				CLANG_WARN_OBJC_ROOT_CLASS = YES_ERROR;
				CLANG_WARN_QUOTED_INCLUDE_IN_FRAMEWORK_HEADER = YES;
				CLANG_WARN_RANGE_LOOP_ANALYSIS = YES;
				CLANG_WARN_STRICT_PROTOTYPES = YES;
				CLANG_WARN_SUSPICIOUS_MOVE = YES;
				CLANG_WARN_UNGUARDED_AVAILABILITY = YES_AGGRESSIVE;
				CLANG_WARN_UNREACHABLE_CODE = YES;
				CLANG_WARN__DUPLICATE_METHOD_MATCH = YES;
				COPY_PHASE_STRIP = NO;
				DEBUG_INFORMATION_FORMAT = dwarf;
				ENABLE_STRICT_OBJC_MSGSEND = YES;
				ENABLE_TESTABILITY = YES;
				GCC_C_LANGUAGE_STANDARD = gnu11;
				GCC_DYNAMIC_NO_PIC = NO;
				GCC_NO_COMMON_BLOCKS = YES;
				GCC_OPTIMIZATION_LEVEL = 0;
				GCC_PREPROCESSOR_DEFINITIONS = (
					"DEBUG=1",
					"$(inherited)",
				);
				GCC_WARN_64_TO_32_BIT_CONVERSION = YES;
				GCC_WARN_ABOUT_RETURN_TYPE = YES_ERROR;
				GCC_WARN_UNDECLARED_SELECTOR = YES;
				GCC_WARN_UNINITIALIZED_AUTOS = YES_AGGRESSIVE;
				GCC_WARN_UNUSED_FUNCTION = YES;
				GCC_WARN_UNUSED_VARIABLE = YES;
				IPHONEOS_DEPLOYMENT_TARGET = 15.2;
				MTL_ENABLE_DEBUG_INFO = INCLUDE_SOURCE;
				MTL_FAST_MATH = YES;
				ONLY_ACTIVE_ARCH = YES;
				SDKROOT = iphoneos;
				SWIFT_ACTIVE_COMPILATION_CONDITIONS = DEBUG;
				SWIFT_OPTIMIZATION_LEVEL = "-Onone";
			};
			name = Debug;
		};
		FC7E7469295734FE002C2F98 /* Release */ = {
			isa = XCBuildConfiguration;
			buildSettings = {
				ALWAYS_SEARCH_USER_PATHS = NO;
				CLANG_ANALYZER_NONNULL = YES;
				CLANG_ANALYZER_NUMBER_OBJECT_CONVERSION = YES_AGGRESSIVE;
				CLANG_CXX_LANGUAGE_STANDARD = "gnu++20";
				CLANG_ENABLE_MODULES = YES;
				CLANG_ENABLE_OBJC_ARC = YES;
				CLANG_ENABLE_OBJC_WEAK = YES;
				CLANG_WARN_BLOCK_CAPTURE_AUTORELEASING = YES;
				CLANG_WARN_BOOL_CONVERSION = YES;
				CLANG_WARN_COMMA = YES;
				CLANG_WARN_CONSTANT_CONVERSION = YES;
				CLANG_WARN_DEPRECATED_OBJC_IMPLEMENTATIONS = YES;
				CLANG_WARN_DIRECT_OBJC_ISA_USAGE = YES_ERROR;
				CLANG_WARN_DOCUMENTATION_COMMENTS = YES;
				CLANG_WARN_EMPTY_BODY = YES;
				CLANG_WARN_ENUM_CONVERSION = YES;
				CLANG_WARN_INFINITE_RECURSION = YES;
				CLANG_WARN_INT_CONVERSION = YES;
				CLANG_WARN_NON_LITERAL_NULL_CONVERSION = YES;
				CLANG_WARN_OBJC_IMPLICIT_RETAIN_SELF = YES;
				CLANG_WARN_OBJC_LITERAL_CONVERSION = YES;
				CLANG_WARN_OBJC_ROOT_CLASS = YES_ERROR;
				CLANG_WARN_QUOTED_INCLUDE_IN_FRAMEWORK_HEADER = YES;
				CLANG_WARN_RANGE_LOOP_ANALYSIS = YES;
				CLANG_WARN_STRICT_PROTOTYPES = YES;
				CLANG_WARN_SUSPICIOUS_MOVE = YES;
				CLANG_WARN_UNGUARDED_AVAILABILITY = YES_AGGRESSIVE;
				CLANG_WARN_UNREACHABLE_CODE = YES;
				CLANG_WARN__DUPLICATE_METHOD_MATCH = YES;
				COPY_PHASE_STRIP = NO;
				DEBUG_INFORMATION_FORMAT = "dwarf-with-dsym";
				ENABLE_NS_ASSERTIONS = NO;
				ENABLE_STRICT_OBJC_MSGSEND = YES;
				GCC_C_LANGUAGE_STANDARD = gnu11;
				GCC_NO_COMMON_BLOCKS = YES;
				GCC_WARN_64_TO_32_BIT_CONVERSION = YES;
				GCC_WARN_ABOUT_RETURN_TYPE = YES_ERROR;
				GCC_WARN_UNDECLARED_SELECTOR = YES;
				GCC_WARN_UNINITIALIZED_AUTOS = YES_AGGRESSIVE;
				GCC_WARN_UNUSED_FUNCTION = YES;
				GCC_WARN_UNUSED_VARIABLE = YES;
				IPHONEOS_DEPLOYMENT_TARGET = 15.2;
				MTL_ENABLE_DEBUG_INFO = NO;
				MTL_FAST_MATH = YES;
				SDKROOT = iphoneos;
				SWIFT_COMPILATION_MODE = wholemodule;
				SWIFT_OPTIMIZATION_LEVEL = "-O";
				VALIDATE_PRODUCT = YES;
			};
			name = Release;
		};
		FC7E746B295734FE002C2F98 /* Debug */ = {
			isa = XCBuildConfiguration;
			buildSettings = {
				ASSETCATALOG_COMPILER_APPICON_NAME = AppIcon;
				ASSETCATALOG_COMPILER_GLOBAL_ACCENT_COLOR_NAME = AccentColor;
				CODE_SIGN_STYLE = Automatic;
				CURRENT_PROJECT_VERSION = 1;
				DEVELOPMENT_TEAM = 4ARG8W2BQX;
				GENERATE_INFOPLIST_FILE = YES;
				INFOPLIST_FILE = "Finance Tracker/SupportingFiles/Info.plist";
				INFOPLIST_KEY_UIApplicationSupportsIndirectInputEvents = YES;
				INFOPLIST_KEY_UILaunchStoryboardName = LaunchScreen.storyboard;
				INFOPLIST_KEY_UISupportedInterfaceOrientations = UIInterfaceOrientationPortrait;
				IPHONEOS_DEPLOYMENT_TARGET = 15.2;
				LD_RUNPATH_SEARCH_PATHS = (
					"$(inherited)",
					"@executable_path/Frameworks",
				);
				MARKETING_VERSION = 1.0;
				PRODUCT_BUNDLE_IDENTIFIER = "com.zhukov.Finance-Tracker";
				PRODUCT_NAME = "$(TARGET_NAME)";
				SUPPORTED_PLATFORMS = "iphoneos iphonesimulator";
				SUPPORTS_MACCATALYST = NO;
				SUPPORTS_MAC_DESIGNED_FOR_IPHONE_IPAD = NO;
				SWIFT_EMIT_LOC_STRINGS = YES;
				SWIFT_VERSION = 5.0;
				TARGETED_DEVICE_FAMILY = "1,2";
			};
			name = Debug;
		};
		FC7E746C295734FE002C2F98 /* Release */ = {
			isa = XCBuildConfiguration;
			buildSettings = {
				ASSETCATALOG_COMPILER_APPICON_NAME = AppIcon;
				ASSETCATALOG_COMPILER_GLOBAL_ACCENT_COLOR_NAME = AccentColor;
				CODE_SIGN_STYLE = Automatic;
				CURRENT_PROJECT_VERSION = 1;
				DEVELOPMENT_TEAM = 4ARG8W2BQX;
				GENERATE_INFOPLIST_FILE = YES;
				INFOPLIST_FILE = "Finance Tracker/SupportingFiles/Info.plist";
				INFOPLIST_KEY_UIApplicationSupportsIndirectInputEvents = YES;
				INFOPLIST_KEY_UILaunchStoryboardName = LaunchScreen.storyboard;
				INFOPLIST_KEY_UISupportedInterfaceOrientations = UIInterfaceOrientationPortrait;
				IPHONEOS_DEPLOYMENT_TARGET = 15.2;
				LD_RUNPATH_SEARCH_PATHS = (
					"$(inherited)",
					"@executable_path/Frameworks",
				);
				MARKETING_VERSION = 1.0;
				PRODUCT_BUNDLE_IDENTIFIER = "com.zhukov.Finance-Tracker";
				PRODUCT_NAME = "$(TARGET_NAME)";
				SUPPORTED_PLATFORMS = "iphoneos iphonesimulator";
				SUPPORTS_MACCATALYST = NO;
				SUPPORTS_MAC_DESIGNED_FOR_IPHONE_IPAD = NO;
				SWIFT_EMIT_LOC_STRINGS = YES;
				SWIFT_VERSION = 5.0;
				TARGETED_DEVICE_FAMILY = "1,2";
			};
			name = Release;
		};
/* End XCBuildConfiguration section */

/* Begin XCConfigurationList section */
		FC7E744E295734FE002C2F98 /* Build configuration list for PBXProject "Finance Tracker" */ = {
			isa = XCConfigurationList;
			buildConfigurations = (
				FC7E7468295734FE002C2F98 /* Debug */,
				FC7E7469295734FE002C2F98 /* Release */,
			);
			defaultConfigurationIsVisible = 0;
			defaultConfigurationName = Release;
		};
		FC7E746A295734FE002C2F98 /* Build configuration list for PBXNativeTarget "Finance Tracker" */ = {
			isa = XCConfigurationList;
			buildConfigurations = (
				FC7E746B295734FE002C2F98 /* Debug */,
				FC7E746C295734FE002C2F98 /* Release */,
			);
			defaultConfigurationIsVisible = 0;
			defaultConfigurationName = Release;
		};
/* End XCConfigurationList section */

/* Begin XCVersionGroup section */
		FC7E745F295734FE002C2F98 /* Finance_Tracker.xcdatamodeld */ = {
			isa = XCVersionGroup;
			children = (
				FC7E7460295734FE002C2F98 /* Finance_Tracker.xcdatamodel */,
			);
			currentVersion = FC7E7460295734FE002C2F98 /* Finance_Tracker.xcdatamodel */;
			path = Finance_Tracker.xcdatamodeld;
			sourceTree = "<group>";
			versionGroupType = wrapper.xcdatamodel;
		};
/* End XCVersionGroup section */
	};
	rootObject = FC7E744B295734FE002C2F98 /* Project object */;
}
